
Microsoft Visual Studio Solution File, Format Version 12.00
# Visual Studio 15
VisualStudioVersion = 15.0.27428.2043
MinimumVisualStudioVersion = 10.0.40219.1
Project("{FAE04EC0-301F-11D3-BF4B-00C04F79EFBC}") = "TestDevice", "TestDevice\TestDevice.csproj", "{9290A4B6-1C45-4D2F-93C6-E820BD57FE91}"
EndProject
Project("{FAE04EC0-301F-11D3-BF4B-00C04F79EFBC}") = "DeviceEmulator", "..\DeviceEmulator\DeviceEmulator.csproj", "{704083AA-DF23-42F8-B053-02882FB0E0BC}"
EndProject
Global
	GlobalSection(SolutionConfigurationPlatforms) = preSolution
		Debug|Any CPU = Debug|Any CPU
		Release|Any CPU = Release|Any CPU
	EndGlobalSection
	GlobalSection(ProjectConfigurationPlatforms) = postSolution
		{9290A4B6-1C45-4D2F-93C6-E820BD57FE91}.Debug|Any CPU.ActiveCfg = Debug|Any CPU
		{9290A4B6-1C45-4D2F-93C6-E820BD57FE91}.Debug|Any CPU.Build.0 = Debug|Any CPU
		{9290A4B6-1C45-4D2F-93C6-E820BD57FE91}.Release|Any CPU.ActiveCfg = Release|Any CPU
		{9290A4B6-1C45-4D2F-93C6-E820BD57FE91}.Release|Any CPU.Build.0 = Release|Any CPU
		{704083AA-DF23-42F8-B053-02882FB0E0BC}.Debug|Any CPU.ActiveCfg = Debug|Any CPU
		{704083AA-DF23-42F8-B053-02882FB0E0BC}.Debug|Any CPU.Build.0 = Debug|Any CPU
		{704083AA-DF23-42F8-B053-02882FB0E0BC}.Release|Any CPU.ActiveCfg = Release|Any CPU
		{704083AA-DF23-42F8-B053-02882FB0E0BC}.Release|Any CPU.Build.0 = Release|Any CPU
	EndGlobalSection
	GlobalSection(SolutionProperties) = preSolution
		HideSolutionNode = FALSE
	EndGlobalSection
	GlobalSection(ExtensibilityGlobals) = postSolution
		SolutionGuid = {58ECFDA8-EF96-4B62-9B0A-80721CD8C6C4}
	EndGlobalSection
EndGlobal
